
Microsoft Visual Studio Solution File, Format Version 12.00
# Visual Studio 2012
Project("{FAE04EC0-301F-11D3-BF4B-00C04F79EFBC}") = "UnityVS.Project_Falcon.CSharp", "UnityVS.Project_Falcon.CSharp.csproj", "{BF52EFDA-87F2-6FBB-B6CB-FB820C741993}"
EndProject
Project("{FAE04EC0-301F-11D3-BF4B-00C04F79EFBC}") = "UnityVS.Project_Falcon.CSharp.Plugins", "UnityVS.Project_Falcon.CSharp.Plugins.csproj", "{C0D73473-66B1-97DF-16AE-8FC060F4E138}"
EndProject
Global
	GlobalSection(SolutionConfigurationPlatforms) = preSolution
		Debug|Any CPU = Debug|Any CPU
		Release|Any CPU = Release|Any CPU
	EndGlobalSection
	GlobalSection(ProjectConfigurationPlatforms) = postSolution
		{BF52EFDA-87F2-6FBB-B6CB-FB820C741993}.Debug|Any CPU.ActiveCfg = Debug|Any CPU
		{BF52EFDA-87F2-6FBB-B6CB-FB820C741993}.Debug|Any CPU.Build.0 = Debug|Any CPU
		{BF52EFDA-87F2-6FBB-B6CB-FB820C741993}.Release|Any CPU.ActiveCfg = Release|Any CPU
		{BF52EFDA-87F2-6FBB-B6CB-FB820C741993}.Release|Any CPU.Build.0 = Release|Any CPU
		{C0D73473-66B1-97DF-16AE-8FC060F4E138}.Debug|Any CPU.ActiveCfg = Debug|Any CPU
		{C0D73473-66B1-97DF-16AE-8FC060F4E138}.Debug|Any CPU.Build.0 = Debug|Any CPU
		{C0D73473-66B1-97DF-16AE-8FC060F4E138}.Release|Any CPU.ActiveCfg = Release|Any CPU
		{C0D73473-66B1-97DF-16AE-8FC060F4E138}.Release|Any CPU.Build.0 = Release|Any CPU
	EndGlobalSection
	GlobalSection(SolutionProperties) = preSolution
		HideSolutionNode = FALSE
	EndGlobalSection
EndGlobal
